
Microsoft Visual Studio Solution File, Format Version 12.00
# Visual Studio Version 16
VisualStudioVersion = 16.0.30011.22
MinimumVisualStudioVersion = 10.0.40219.1
Project("{FAE04EC0-301F-11D3-BF4B-00C04F79EFBC}") = "Day01_Intro", "Day01_Intro\Day01_Intro.csproj", "{0C873771-76BB-445C-98E3-847468F98BAA}"
EndProject
Global
	GlobalSection(SolutionConfigurationPlatforms) = preSolution
		Debug|Any CPU = Debug|Any CPU
		Release|Any CPU = Release|Any CPU
	EndGlobalSection
	GlobalSection(ProjectConfigurationPlatforms) = postSolution
		{0C873771-76BB-445C-98E3-847468F98BAA}.Debug|Any CPU.ActiveCfg = Debug|Any CPU
		{0C873771-76BB-445C-98E3-847468F98BAA}.Debug|Any CPU.Build.0 = Debug|Any CPU
		{0C873771-76BB-445C-98E3-847468F98BAA}.Release|Any CPU.ActiveCfg = Release|Any CPU
		{0C873771-76BB-445C-98E3-847468F98BAA}.Release|Any CPU.Build.0 = Release|Any CPU
	EndGlobalSection
	GlobalSection(SolutionProperties) = preSolution
		HideSolutionNode = FALSE
	EndGlobalSection
	GlobalSection(ExtensibilityGlobals) = postSolution
		SolutionGuid = {12803FCD-C6B9-4FC4-9C7F-A4BEBE78ADB0}
	EndGlobalSection
EndGlobal
