
Microsoft Visual Studio Solution File, Format Version 12.00
# Visual Studio Version 16
VisualStudioVersion = 16.0.31702.278
MinimumVisualStudioVersion = 10.0.40219.1
Project("{FAE04EC0-301F-11D3-BF4B-00C04F79EFBC}") = "MyCodeDemo", "MyCodeDemo\MyCodeDemo.csproj", "{0DF7C5A8-9402-4B4B-B1F2-219762A72599}"
EndProject
Global
	GlobalSection(SolutionConfigurationPlatforms) = preSolution
		Debug|Any CPU = Debug|Any CPU
		Release|Any CPU = Release|Any CPU
	EndGlobalSection
	GlobalSection(ProjectConfigurationPlatforms) = postSolution
		{0DF7C5A8-9402-4B4B-B1F2-219762A72599}.Debug|Any CPU.ActiveCfg = Debug|Any CPU
		{0DF7C5A8-9402-4B4B-B1F2-219762A72599}.Debug|Any CPU.Build.0 = Debug|Any CPU
		{0DF7C5A8-9402-4B4B-B1F2-219762A72599}.Release|Any CPU.ActiveCfg = Release|Any CPU
		{0DF7C5A8-9402-4B4B-B1F2-219762A72599}.Release|Any CPU.Build.0 = Release|Any CPU
	EndGlobalSection
	GlobalSection(SolutionProperties) = preSolution
		HideSolutionNode = FALSE
	EndGlobalSection
	GlobalSection(ExtensibilityGlobals) = postSolution
		SolutionGuid = {D62CEAD2-BE4B-429B-ADF0-B52A8E56A349}
	EndGlobalSection
EndGlobal
