
Microsoft Visual Studio Solution File, Format Version 12.00
# Visual Studio Version 16
VisualStudioVersion = 16.0.30011.22
MinimumVisualStudioVersion = 10.0.40219.1
Project("{FAE04EC0-301F-11D3-BF4B-00C04F79EFBC}") = "D06_MVCBasic", "D06_MVCBasic\D06_MVCBasic.csproj", "{94786DA5-4FF0-4BDA-8C3C-71DED4EE57C9}"
EndProject
Global
	GlobalSection(SolutionConfigurationPlatforms) = preSolution
		Debug|Any CPU = Debug|Any CPU
		Release|Any CPU = Release|Any CPU
	EndGlobalSection
	GlobalSection(ProjectConfigurationPlatforms) = postSolution
		{94786DA5-4FF0-4BDA-8C3C-71DED4EE57C9}.Debug|Any CPU.ActiveCfg = Debug|Any CPU
		{94786DA5-4FF0-4BDA-8C3C-71DED4EE57C9}.Debug|Any CPU.Build.0 = Debug|Any CPU
		{94786DA5-4FF0-4BDA-8C3C-71DED4EE57C9}.Release|Any CPU.ActiveCfg = Release|Any CPU
		{94786DA5-4FF0-4BDA-8C3C-71DED4EE57C9}.Release|Any CPU.Build.0 = Release|Any CPU
	EndGlobalSection
	GlobalSection(SolutionProperties) = preSolution
		HideSolutionNode = FALSE
	EndGlobalSection
	GlobalSection(ExtensibilityGlobals) = postSolution
		SolutionGuid = {73119BE3-93B5-435D-A0E6-2FEC3B7EBFC4}
	EndGlobalSection
EndGlobal
