
Microsoft Visual Studio Solution File, Format Version 12.00
# Visual Studio Version 16
VisualStudioVersion = 16.0.30011.22
MinimumVisualStudioVersion = 10.0.40219.1
Project("{FAE04EC0-301F-11D3-BF4B-00C04F79EFBC}") = "D10_Layout", "D10_Layout\D10_Layout.csproj", "{6E6EE6F8-D4D2-4CDD-B212-72F3D7863736}"
EndProject
Global
	GlobalSection(SolutionConfigurationPlatforms) = preSolution
		Debug|Any CPU = Debug|Any CPU
		Release|Any CPU = Release|Any CPU
	EndGlobalSection
	GlobalSection(ProjectConfigurationPlatforms) = postSolution
		{6E6EE6F8-D4D2-4CDD-B212-72F3D7863736}.Debug|Any CPU.ActiveCfg = Debug|Any CPU
		{6E6EE6F8-D4D2-4CDD-B212-72F3D7863736}.Debug|Any CPU.Build.0 = Debug|Any CPU
		{6E6EE6F8-D4D2-4CDD-B212-72F3D7863736}.Release|Any CPU.ActiveCfg = Release|Any CPU
		{6E6EE6F8-D4D2-4CDD-B212-72F3D7863736}.Release|Any CPU.Build.0 = Release|Any CPU
	EndGlobalSection
	GlobalSection(SolutionProperties) = preSolution
		HideSolutionNode = FALSE
	EndGlobalSection
	GlobalSection(ExtensibilityGlobals) = postSolution
		SolutionGuid = {A9F2D2D4-7705-42B3-AD91-A4574C2F9E41}
	EndGlobalSection
EndGlobal
