
Microsoft Visual Studio Solution File, Format Version 12.00
# Visual Studio Version 16
VisualStudioVersion = 16.0.31702.278
MinimumVisualStudioVersion = 10.0.40219.1
Project("{FAE04EC0-301F-11D3-BF4B-00C04F79EFBC}") = "FinalProject", "FinalProject\FinalProject.csproj", "{F93AE65E-188C-4D1E-A8C3-B3A26D32EA0C}"
EndProject
Global
	GlobalSection(SolutionConfigurationPlatforms) = preSolution
		Debug|Any CPU = Debug|Any CPU
		Release|Any CPU = Release|Any CPU
	EndGlobalSection
	GlobalSection(ProjectConfigurationPlatforms) = postSolution
		{F93AE65E-188C-4D1E-A8C3-B3A26D32EA0C}.Debug|Any CPU.ActiveCfg = Debug|Any CPU
		{F93AE65E-188C-4D1E-A8C3-B3A26D32EA0C}.Debug|Any CPU.Build.0 = Debug|Any CPU
		{F93AE65E-188C-4D1E-A8C3-B3A26D32EA0C}.Release|Any CPU.ActiveCfg = Release|Any CPU
		{F93AE65E-188C-4D1E-A8C3-B3A26D32EA0C}.Release|Any CPU.Build.0 = Release|Any CPU
	EndGlobalSection
	GlobalSection(SolutionProperties) = preSolution
		HideSolutionNode = FALSE
	EndGlobalSection
	GlobalSection(ExtensibilityGlobals) = postSolution
		SolutionGuid = {714DE71E-C64B-4A08-9D52-8CC3414763B6}
	EndGlobalSection
EndGlobal
