
Microsoft Visual Studio Solution File, Format Version 12.00
# Visual Studio Version 16
VisualStudioVersion = 16.0.30011.22
MinimumVisualStudioVersion = 10.0.40219.1
Project("{FAE04EC0-301F-11D3-BF4B-00C04F79EFBC}") = "D12_ADONET", "D12_ADONET\D12_ADONET.csproj", "{E462C299-5AC4-42FC-A800-CF19B7E40BF2}"
EndProject
Global
	GlobalSection(SolutionConfigurationPlatforms) = preSolution
		Debug|Any CPU = Debug|Any CPU
		Release|Any CPU = Release|Any CPU
	EndGlobalSection
	GlobalSection(ProjectConfigurationPlatforms) = postSolution
		{E462C299-5AC4-42FC-A800-CF19B7E40BF2}.Debug|Any CPU.ActiveCfg = Debug|Any CPU
		{E462C299-5AC4-42FC-A800-CF19B7E40BF2}.Debug|Any CPU.Build.0 = Debug|Any CPU
		{E462C299-5AC4-42FC-A800-CF19B7E40BF2}.Release|Any CPU.ActiveCfg = Release|Any CPU
		{E462C299-5AC4-42FC-A800-CF19B7E40BF2}.Release|Any CPU.Build.0 = Release|Any CPU
	EndGlobalSection
	GlobalSection(SolutionProperties) = preSolution
		HideSolutionNode = FALSE
	EndGlobalSection
	GlobalSection(ExtensibilityGlobals) = postSolution
		SolutionGuid = {FF809E1A-BCC0-4535-959B-5AB75B4B49F9}
	EndGlobalSection
EndGlobal
